
Microsoft Visual Studio Solution File, Format Version 12.00
# Visual Studio Version 17
VisualStudioVersion = 17.2.32616.157
MinimumVisualStudioVersion = 10.0.40219.1
Project("{FAE04EC0-301F-11D3-BF4B-00C04F79EFBC}") = "UserRegistrationException", "UserRegistrationException\UserRegistrationException.csproj", "{CF5AF217-7E3F-4C73-A5D6-1A2969EE420E}"
EndProject
Global
	GlobalSection(SolutionConfigurationPlatforms) = preSolution
		Debug|Any CPU = Debug|Any CPU
		Release|Any CPU = Release|Any CPU
	EndGlobalSection
	GlobalSection(ProjectConfigurationPlatforms) = postSolution
		{CF5AF217-7E3F-4C73-A5D6-1A2969EE420E}.Debug|Any CPU.ActiveCfg = Debug|Any CPU
		{CF5AF217-7E3F-4C73-A5D6-1A2969EE420E}.Debug|Any CPU.Build.0 = Debug|Any CPU
		{CF5AF217-7E3F-4C73-A5D6-1A2969EE420E}.Release|Any CPU.ActiveCfg = Release|Any CPU
		{CF5AF217-7E3F-4C73-A5D6-1A2969EE420E}.Release|Any CPU.Build.0 = Release|Any CPU
	EndGlobalSection
	GlobalSection(SolutionProperties) = preSolution
		HideSolutionNode = FALSE
	EndGlobalSection
	GlobalSection(ExtensibilityGlobals) = postSolution
		SolutionGuid = {E90A87B4-64E5-48A0-8516-2D72D462F351}
	EndGlobalSection
EndGlobal
